#MicroXplorer Configuration settings - do not modify
Mcu.Family=STM32L1
ProjectManager.MainLocation=Src
ProjectManager.KeepUserCode=true
Mcu.UserName=STM32L151C8Tx
Dma.ADC.0.Mode=DMA_CIRCULAR
SH.GPXTI9.0=GPIO_EXTI9
USART1.BaudRate=57600
RCC.PLLCLKFreq_Value=24000000
NVIC.RTC_WKUP_IRQn=true\:0\:0\:false\:false\:true\:true\:true
ADC.SamplingTime-19\#ChannelRegularConversion=ADC_SAMPLETIME_96CYCLES
PA12.GPIOParameters=PinState,GPIO_Label
ProjectManager.functionlistsort=1-MX_GPIO_Init-GPIO-false-HAL-true,2-MX_DMA_Init-DMA-false-HAL-true,3-SystemClock_Config-RCC-false-HAL-false,4-MX_ADC_Init-ADC-false-HAL-false,5-MX_USART1_UART_Init-USART1-false-HAL-true,6-MX_RTC_Init-RTC-false-HAL-true,7-MX_TIM2_Init-TIM2-false-HAL-true,8-MX_TIM3_Init-TIM3-false-HAL-true
PA11.GPIOParameters=GPIO_PuPd,GPIO_Label,GPIO_ModeDefaultEXTI
Dma.ADC.0.Priority=DMA_PRIORITY_LOW
VP_RTC_VS_RTC_Activate.Mode=RTC_Enabled
ADC.ScanConvMode=ADC_SCAN_ENABLE
RCC.RTCFreq_Value=32768
PA3.GPIOParameters=GPIO_Label
PB6.GPIO_Label=LED_W2
PA6.GPIO_Label=BATT_STDBY
PB0.GPIO_Label=SW_LIGHT
VP_RTC_VS_RTC_Calendar.Signal=RTC_VS_RTC_Calendar
PA11.GPIO_PuPd=GPIO_PULLDOWN
NVIC.SVC_IRQn=true\:0\:0\:false\:false\:true\:false\:false
TIM2.Channel-PWM\ Generation2\ CH2=TIM_CHANNEL_2
USART1.IPParameters=VirtualMode,BaudRate
PA2.GPIOParameters=PinState,GPIO_Label,GPIO_ModeDefaultOutputPP
PinOutPanel.RotationAngle=0
ProjectManager.StackSize=0x400
PB5.GPIOParameters=GPIO_Label
ADC.Channel-19\#ChannelRegularConversion=ADC_CHANNEL_VREFINT
RTC.WakeUpClock-WakeUp=RTC_WAKEUPCLOCK_CK_SPRE_16BITS
Mcu.IP4=RTC
ADC.NbrOfConversion=3
RCC.FCLKCortexFreq_Value=2097000
Mcu.IP5=SYS
Mcu.IP2=NVIC
Mcu.IP3=RCC
PA15.GPIO_Label=LED_B
PB4.GPIOParameters=GPIO_Label
Mcu.IP0=ADC
PA12.Locked=true
Mcu.IP1=DMA
PA12.Signal=GPIO_Output
Mcu.UserConstants=
VP_ADC_Vref_Input.Signal=ADC_Vref_Input
PA10.PinState=GPIO_PIN_SET
Mcu.ThirdPartyNb=0
Dma.ADC.0.PeriphInc=DMA_PINC_DISABLE
RCC.HCLKFreq_Value=2097000
Mcu.IPNb=9
TIM2.IPParameters=Prescaler,Period,Channel-PWM Generation1 CH1,Channel-PWM Generation2 CH2
ProjectManager.PreviousToolchain=
RCC.APB2TimFreq_Value=2097000
TIM3.Period=255
PB6.Signal=GPIO_Output
RTC.IPParameters=WakeUpClock-WakeUp,WakeUpCounter-WakeUp
Mcu.Pin6=PA5
PB9.GPIO_ModeDefaultEXTI=GPIO_MODE_IT_FALLING
Mcu.Pin7=PA6
VP_TIM2_VS_ClockSourceINT.Signal=TIM2_VS_ClockSourceINT
Mcu.Pin8=PA7
Mcu.Pin9=PB0
RCC.AHBFreq_Value=2097000
Mcu.Pin0=PC14-OSC32_IN
Mcu.Pin1=PC15-OSC32_OUT
Dma.ADC.0.Direction=DMA_PERIPH_TO_MEMORY
TIM3.Channel-PWM\ Generation1\ CH1=TIM_CHANNEL_1
GPIO.groupedBy=Group By Peripherals
Mcu.Pin2=PA1
Mcu.Pin3=PA2
Mcu.Pin4=PA3
ADC.Channel-17\#ChannelRegularConversion=ADC_CHANNEL_1
NVIC.EXTI15_10_IRQn=true\:0\:0\:false\:false\:true\:true\:true
Mcu.Pin5=PA4
PA12.PinState=GPIO_PIN_SET
ProjectManager.ProjectBuild=false
RCC.HSE_VALUE=24000000
NVIC.UsageFault_IRQn=true\:0\:0\:false\:false\:true\:false\:false
NVIC.DebugMonitor_IRQn=true\:0\:0\:false\:false\:true\:false\:false
PB2.Signal=GPIO_Output
PA4.Locked=true
NVIC.SysTick_IRQn=true\:0\:0\:false\:false\:true\:false\:true
RCC.RTCClockSelection=RCC_RTCCLKSOURCE_LSE
ProjectManager.FirmwarePackage=STM32Cube FW_L1 V1.9.0
MxDb.Version=DB.5.0.60
PA2.PinState=GPIO_PIN_SET
PB0.GPIOParameters=GPIO_Label
PA6.GPIO_PuPd=GPIO_PULLUP
PA1.GPIOParameters=GPIO_Label
ProjectManager.BackupPrevious=false
PC14-OSC32_IN.Mode=LSE-External-Oscillator
RCC.RTCClockSelectionVirtual=RCC_RTCCLKSOURCE_LSE
PA14.Mode=Serial_Wire
TIM3.Prescaler=25
PA5.GPIO_PuPd=GPIO_PULLUP
File.Version=6
PA10.GPIO_Label=PWR_RADAR
PB3.GPIOParameters=GPIO_Label
PB7.Signal=GPIO_Output
PB8.Locked=true
TIM2.Channel-PWM\ Generation1\ CH1=TIM_CHANNEL_1
SH.GPXTI11.ConfNb=1
PB6.Locked=true
NVIC.PendSV_IRQn=true\:0\:0\:false\:false\:true\:false\:false
SH.S_TIM3_CH1.0=TIM3_CH1,PWM Generation1 CH1
Dma.RequestsNb=1
PB6.GPIOParameters=GPIO_Label
ProjectManager.HalAssertFull=false
PB0.Locked=true
ProjectManager.ProjectName=WallSpotlight
Dma.ADC.0.MemInc=DMA_MINC_ENABLE
PB7.GPIO_Label=LED_W3
Mcu.Package=LQFP48
PB9.Signal=GPXTI9
TIM2.Prescaler=25
PA6.Signal=GPXTI6
PA7.Locked=true
PA5.Locked=true
PA2.GPIO_ModeDefaultOutputPP=GPIO_MODE_OUTPUT_OD
SH.GPXTI11.0=GPIO_EXTI11
ProjectManager.ToolChainLocation=
PA2.GPIO_Label=PWR_BATT
Dma.ADC.0.Instance=DMA1_Channel1
RCC.LSI_VALUE=37000
VP_SYS_VS_Systick.Signal=SYS_VS_Systick
SH.GPXTI5.ConfNb=1
RTC.WakeUpCounter-WakeUp=1111
PA10.Signal=GPIO_Output
PB9.GPIO_PuPd=GPIO_PULLUP
VP_RTC_VS_RTC_Calendar.Mode=RTC_Calendar
ADC.Rank-19\#ChannelRegularConversion=3
PA15.Signal=S_TIM2_CH1_ETR
PA5.GPIOParameters=GPIO_PuPd,GPIO_Label,GPIO_ModeDefaultEXTI
Dma.ADC.0.MemDataAlignment=DMA_MDATAALIGN_WORD
PB5.GPIO_Label=LED_W1
RCC.APB1TimFreq_Value=2097000
NVIC.BusFault_IRQn=true\:0\:0\:false\:false\:true\:false\:false
ADC.SamplingTime-18\#ChannelRegularConversion=ADC_SAMPLETIME_96CYCLES
Dma.Request0=ADC
PA4.GPIO_Label=PWR_LIGHT
ProjectManager.CustomerFirmwarePackage=
PB3.Locked=true
PB4.Signal=S_TIM3_CH1
PA3.Signal=ADC_IN3
RCC.TIMFreq_Value=2097000
PA2.Locked=true
PB3.GPIO_Label=LED_G
ADC.Rank-17\#ChannelRegularConversion=1
VP_RTC_VS_RTC_Activate.Signal=RTC_VS_RTC_Activate
PA6.GPIOParameters=GPIO_PuPd,GPIO_Label,GPIO_ModeDefaultEXTI
RCC.MSI_VALUE=2097000
PC15-OSC32_OUT.Mode=LSE-External-Oscillator
SH.GPXTI5.0=GPIO_EXTI5
ADC.Channel-18\#ChannelRegularConversion=ADC_CHANNEL_3
ProjectManager.ProjectFileName=WallSpotlight.ioc
PA5.GPIO_ModeDefaultEXTI=GPIO_MODE_IT_RISING_FALLING
PA6.GPIO_ModeDefaultEXTI=GPIO_MODE_IT_RISING_FALLING
PB8.GPIOParameters=GPIO_Label
PB9.GPIO_Label=BTN
PA15.GPIOParameters=GPIO_Label
Mcu.PinsNb=31
ProjectManager.NoMain=false
VP_ADC_Vref_Input.Mode=IN-Vrefint
PA11.GPIO_Label=RADAR
ProjectManager.DefaultFWLocation=true
ADC.IPParameters=Rank-17\#ChannelRegularConversion,Channel-17\#ChannelRegularConversion,SamplingTime-17\#ChannelRegularConversion,NbrOfConversionFlag,ScanConvMode,ContinuousConvMode,Rank-18\#ChannelRegularConversion,Channel-18\#ChannelRegularConversion,SamplingTime-18\#ChannelRegularConversion,Rank-19\#ChannelRegularConversion,Channel-19\#ChannelRegularConversion,SamplingTime-19\#ChannelRegularConversion,NbrOfConversion
ProjectManager.DeletePrevious=true
PC14-OSC32_IN.Signal=RCC_OSC32_IN
RCC.TimerFreq_Value=2097000
SH.S_TIM2_CH1_ETR.ConfNb=1
PA12.GPIO_Label=PWR_RADIO
RCC.FamilyName=M
Dma.ADC.0.PeriphDataAlignment=DMA_PDATAALIGN_WORD
PB9.GPIOParameters=GPIO_PuPd,GPIO_Label,GPIO_ModeDefaultEXTI
SH.GPXTI6.0=GPIO_EXTI6
PA3.Mode=IN3
PA13.Signal=SYS_JTMS-SWDIO
SH.GPXTI6.ConfNb=1
PB8.GPIO_Label=LED_W4
SH.S_TIM2_CH2.0=TIM2_CH2,PWM Generation2 CH2
PA15.Locked=true
PA11.Locked=true
PA9.Mode=Half_duplex(single_wire_mode)
ProjectManager.TargetToolchain=Makefile
PB7.GPIOParameters=GPIO_Label
VP_RTC_VS_RTC_WakeUp_intern.Signal=RTC_VS_RTC_WakeUp_intern
PB2.GPIOParameters=PinState,GPIO_Label
PA9.Signal=USART1_TX
SH.S_TIM2_CH2.ConfNb=1
PB5.Locked=true
PB9.Locked=true
ADC.NbrOfConversionFlag=1
PC15-OSC32_OUT.Signal=RCC_OSC32_OUT
PA1.Signal=ADC_IN1
PA5.Signal=GPXTI5
board=custom
RCC.VCOOutputFreq_Value=48000000
ProjectManager.LastFirmware=true
ADC.Rank-18\#ChannelRegularConversion=2
Dma.ADC.0.RequestParameters=Instance,Direction,PeriphInc,MemInc,PeriphDataAlignment,MemDataAlignment,Mode,Priority
RCC.APB2Freq_Value=2097000
PA1.Mode=IN1
MxCube.Version=5.6.1
PB4.GPIO_Label=LED_R
VP_TIM2_VS_ClockSourceINT.Mode=Internal
Mcu.Pin30=VP_TIM2_VS_ClockSourceINT
PA1.GPIO_Label=BATT
PA10.GPIOParameters=PinState,GPIO_Label
VP_SYS_VS_Systick.Mode=SysTick
TIM3.IPParameters=Channel-PWM Generation1 CH1,Prescaler,Period
NVIC.NonMaskableInt_IRQn=true\:0\:0\:false\:false\:true\:false\:false
PA4.GPIOParameters=GPIO_Label
TIM2.Period=255
PA13.Mode=Serial_Wire
ProjectManager.FreePins=true
RCC.IPParameters=AHBFreq_Value,APB1Freq_Value,APB1TimFreq_Value,APB2Freq_Value,APB2TimFreq_Value,FCLKCortexFreq_Value,FamilyName,HCLKFreq_Value,HSE_VALUE,HSI_VALUE,LSI_VALUE,MSI_VALUE,PLLCLKFreq_Value,RTCClockSelection,RTCClockSelectionVirtual,RTCFreq_Value,RTCHSEDivFreq_Value,SYSCLKFreq_VALUE,TIMFreq_Value,TimerFreq_Value,VCOOutputFreq_Value
ProjectManager.AskForMigrate=true
PB2.PinState=GPIO_PIN_SET
Mcu.Name=STM32L151C(6-8-B)Tx
Mcu.Pin26=VP_RTC_VS_RTC_Activate
Mcu.Pin27=VP_RTC_VS_RTC_Calendar
RCC.RTCHSEDivFreq_Value=12000000
PA2.Signal=GPIO_Output
Mcu.Pin24=PB9
ProjectManager.UnderRoot=false
Mcu.Pin25=VP_ADC_Vref_Input
PB2.Locked=true
Mcu.IP8=USART1
Mcu.Pin28=VP_RTC_VS_RTC_WakeUp_intern
Mcu.IP6=TIM2
Mcu.Pin29=VP_SYS_VS_Systick
Mcu.IP7=TIM3
ProjectManager.CoupleFile=false
PB4.Locked=true
PB3.Signal=S_TIM2_CH2
PA4.Signal=GPIO_Output
RCC.SYSCLKFreq_VALUE=2097000
Mcu.Pin22=PB7
PB5.Signal=GPIO_Output
Mcu.Pin23=PB8
PA1.Locked=true
PA7.GPIO_Label=SW_RADAR
Mcu.Pin20=PB5
PA3.Locked=true
Mcu.Pin21=PB6
PA5.GPIO_Label=BATT_CHRG
PA10.Locked=true
NVIC.ForceEnableDMAVector=true
KeepUserPlacement=false
NVIC.MemoryManagement_IRQn=true\:0\:0\:false\:false\:true\:false\:false
USART1.VirtualMode=VM_ASYNC
ProjectManager.CompilerOptimize=6
PA11.Signal=GPXTI11
SH.S_TIM2_CH1_ETR.0=TIM2_CH1,PWM Generation1 CH1
SH.GPXTI9.ConfNb=1
NVIC.EXTI9_5_IRQn=true\:0\:0\:false\:false\:true\:true\:true
PA14.Signal=SYS_JTCK-SWCLK
PB2.GPIO_Label=PWR_SENSOR
ProjectManager.HeapSize=0x200
Mcu.Pin15=PA13
NVIC.HardFault_IRQn=true\:0\:0\:false\:false\:true\:false\:false
Mcu.Pin16=PA14
Mcu.Pin13=PA11
Mcu.Pin14=PA12
Mcu.Pin19=PB4
SH.S_TIM3_CH1.ConfNb=1
ProjectManager.ComputerToolchain=false
Mcu.Pin17=PA15
RCC.HSI_VALUE=16000000
Mcu.Pin18=PB3
VP_RTC_VS_RTC_WakeUp_intern.Mode=WakeUp
NVIC.PriorityGroup=NVIC_PRIORITYGROUP_4
Mcu.Pin11=PA9
Mcu.Pin12=PA10
Mcu.Pin10=PB2
PB7.Locked=true
PB8.Signal=GPIO_Output
NVIC.DMA1_Channel1_IRQn=true\:0\:0\:false\:false\:true\:false\:true
ADC.SamplingTime-17\#ChannelRegularConversion=ADC_SAMPLETIME_96CYCLES
PA11.GPIO_ModeDefaultEXTI=GPIO_MODE_IT_RISING
RCC.APB1Freq_Value=2097000
PB0.Signal=GPIO_Input
ADC.ContinuousConvMode=ENABLE
PA7.GPIOParameters=GPIO_Label
ProjectManager.DeviceId=STM32L151C8Tx
ProjectManager.LibraryCopy=1
PA3.GPIO_Label=LIGHT
PA7.Signal=GPIO_Input
PA6.Locked=true
